
Microsoft Visual Studio Solution File, Format Version 12.00
# Visual Studio Version 17
VisualStudioVersion = 17.8.34525.116
MinimumVisualStudioVersion = 10.0.40219.1
Project("{FAE04EC0-301F-11D3-BF4B-00C04F79EFBC}") = "INVENTARIODETIENDA", "INVENTARIODETIENDA.csproj", "{E277A231-8CAE-433B-B0C1-8F1B589C0F8E}"
EndProject
Global
	GlobalSection(SolutionConfigurationPlatforms) = preSolution
		Debug|Any CPU = Debug|Any CPU
		Release|Any CPU = Release|Any CPU
	EndGlobalSection
	GlobalSection(ProjectConfigurationPlatforms) = postSolution
		{E277A231-8CAE-433B-B0C1-8F1B589C0F8E}.Debug|Any CPU.ActiveCfg = Debug|Any CPU
		{E277A231-8CAE-433B-B0C1-8F1B589C0F8E}.Debug|Any CPU.Build.0 = Debug|Any CPU
		{E277A231-8CAE-433B-B0C1-8F1B589C0F8E}.Release|Any CPU.ActiveCfg = Release|Any CPU
		{E277A231-8CAE-433B-B0C1-8F1B589C0F8E}.Release|Any CPU.Build.0 = Release|Any CPU
	EndGlobalSection
	GlobalSection(SolutionProperties) = preSolution
		HideSolutionNode = FALSE
	EndGlobalSection
	GlobalSection(ExtensibilityGlobals) = postSolution
		SolutionGuid = {93650551-7764-4EFC-AA0B-36DD09CD7CB9}
	EndGlobalSection
EndGlobal
